
Microsoft Visual Studio Solution File, Format Version 12.00
# Visual Studio Version 16
VisualStudioVersion = 16.0.31424.327
MinimumVisualStudioVersion = 10.0.40219.1
Project("{FAE04EC0-301F-11D3-BF4B-00C04F79EFBC}") = "Web", "Web\Web.csproj", "{F8E3E8D2-2685-48FB-B5CD-9EDADE967529}"
EndProject
Project("{FAE04EC0-301F-11D3-BF4B-00C04F79EFBC}") = "Core", "Core\Core.csproj", "{8747ADC6-9328-4695-B0FD-655D7C0DB7D2}"
EndProject
Project("{FAE04EC0-301F-11D3-BF4B-00C04F79EFBC}") = "Infrastructure", "Infrastructure\Infrastructure.csproj", "{70A75FEC-5DFA-429D-B927-4B9FB8CC9C9D}"
EndProject
Global
	GlobalSection(SolutionConfigurationPlatforms) = preSolution
		Debug|Any CPU = Debug|Any CPU
		Release|Any CPU = Release|Any CPU
	EndGlobalSection
	GlobalSection(ProjectConfigurationPlatforms) = postSolution
		{F8E3E8D2-2685-48FB-B5CD-9EDADE967529}.Debug|Any CPU.ActiveCfg = Debug|Any CPU
		{F8E3E8D2-2685-48FB-B5CD-9EDADE967529}.Debug|Any CPU.Build.0 = Debug|Any CPU
		{F8E3E8D2-2685-48FB-B5CD-9EDADE967529}.Release|Any CPU.ActiveCfg = Release|Any CPU
		{F8E3E8D2-2685-48FB-B5CD-9EDADE967529}.Release|Any CPU.Build.0 = Release|Any CPU
		{8747ADC6-9328-4695-B0FD-655D7C0DB7D2}.Debug|Any CPU.ActiveCfg = Debug|Any CPU
		{8747ADC6-9328-4695-B0FD-655D7C0DB7D2}.Debug|Any CPU.Build.0 = Debug|Any CPU
		{8747ADC6-9328-4695-B0FD-655D7C0DB7D2}.Release|Any CPU.ActiveCfg = Release|Any CPU
		{8747ADC6-9328-4695-B0FD-655D7C0DB7D2}.Release|Any CPU.Build.0 = Release|Any CPU
		{70A75FEC-5DFA-429D-B927-4B9FB8CC9C9D}.Debug|Any CPU.ActiveCfg = Debug|Any CPU
		{70A75FEC-5DFA-429D-B927-4B9FB8CC9C9D}.Debug|Any CPU.Build.0 = Debug|Any CPU
		{70A75FEC-5DFA-429D-B927-4B9FB8CC9C9D}.Release|Any CPU.ActiveCfg = Release|Any CPU
		{70A75FEC-5DFA-429D-B927-4B9FB8CC9C9D}.Release|Any CPU.Build.0 = Release|Any CPU
	EndGlobalSection
	GlobalSection(SolutionProperties) = preSolution
		HideSolutionNode = FALSE
	EndGlobalSection
	GlobalSection(ExtensibilityGlobals) = postSolution
		SolutionGuid = {06443E1F-8FD9-42AB-85B6-5AAAE8624F48}
	EndGlobalSection
EndGlobal
